// !$*UTF8*$!
{
	archiveVersion = 1;
	classes = {
	};
	objectVersion = 77;
	objects = {

/* Begin PBXBuildFile section */
		FF398D4B2D89BE8000364262 /* DocumentDetailView.swift in Sources */ = {isa = PBXBuildFile; fileRef = FF398D3F2D89BE8000364262 /* DocumentDetailView.swift */; };
		FF398D4D2D89BE8000364262 /* ScannerView.swift in Sources */ = {isa = PBXBuildFile; fileRef = FF398D482D89BE8000364262 /* ScannerView.swift */; };
		FF398D4E2D89BE8000364262 /* MainView.swift in Sources */ = {isa = PBXBuildFile; fileRef = FF398D442D89BE8000364262 /* MainView.swift */; };
		FF398D4F2D89BE8000364262 /* FolderListView.swift in Sources */ = {isa = PBXBuildFile; fileRef = FF398D402D89BE8000364262 /* FolderListView.swift */; };
		FF398D512D89BE8000364262 /* ExpenseOverviewView.swift in Sources */ = {isa = PBXBuildFile; fileRef = FF398D412D89BE8000364262 /* ExpenseOverviewView.swift */; };
		FF398D522D89BE8000364262 /* OCRTextView.swift in Sources */ = {isa = PBXBuildFile; fileRef = FF398D462D89BE8000364262 /* OCRTextView.swift */; };
		FF398D532D89BE8000364262 /* scAIperApp.swift in Sources */ = {isa = PBXBuildFile; fileRef = FF398D472D89BE8000364262 /* scAIperApp.swift */; };
		FF398D542D89BE8000364262 /* FolderDetailView.swift in Sources */ = {isa = PBXBuildFile; fileRef = FF398D422D89BE8000364262 /* FolderDetailView.swift */; };
		FF398D552D89BE8000364262 /* ChatbotView.swift in Sources */ = {isa = PBXBuildFile; fileRef = FF398D3D2D89BE8000364262 /* ChatbotView.swift */; };
		FF398D572D89BE8000364262 /* SplashScreenView.swift in Sources */ = {isa = PBXBuildFile; fileRef = FF398D492D89BE8000364262 /* SplashScreenView.swift */; };
		FF398D582D89BE8000364262 /* Preview Assets.xcassets in Resources */ = {isa = PBXBuildFile; fileRef = FF398D392D89BE8000364262 /* Preview Assets.xcassets */; };
		FF398D5A2D89BE8000364262 /* Assets.xcassets in Resources */ = {isa = PBXBuildFile; fileRef = FF398D3B2D89BE8000364262 /* Assets.xcassets */; };
		FF398D6F2D8C11D200364262 /* OcrViewModel.swift in Sources */ = {isa = PBXBuildFile; fileRef = FF398D6E2D8C11D200364262 /* OcrViewModel.swift */; };
		FF398D732D8C154300364262 /* OCRManager.swift in Sources */ = {isa = PBXBuildFile; fileRef = FF398D722D8C154300364262 /* OCRManager.swift */; };
		FF398D772D8C17AF00364262 /* FullScreenImageView.swift in Sources */ = {isa = PBXBuildFile; fileRef = FF398D762D8C17AF00364262 /* FullScreenImageView.swift */; };
		FF398D7A2D8C1C0400364262 /* TextClustering.swift in Sources */ = {isa = PBXBuildFile; fileRef = FF398D792D8C1C0400364262 /* TextClustering.swift */; };
		FF398D7C2D8C70F600364262 /* SaveDocumentView.swift in Sources */ = {isa = PBXBuildFile; fileRef = FF398D7B2D8C70F600364262 /* SaveDocumentView.swift */; };
		FF398D7F2D8D443800364262 /* DocumentSaver.swift in Sources */ = {isa = PBXBuildFile; fileRef = FF398D7E2D8D443800364262 /* DocumentSaver.swift */; };
		FF398D872D917C7600364262 /* DocumentScannerView.swift in Sources */ = {isa = PBXBuildFile; fileRef = FF398D862D917C7600364262 /* DocumentScannerView.swift */; };
		FF398D972D92DE4300364262 /* DocumentGridView.swift in Sources */ = {isa = PBXBuildFile; fileRef = FF398D962D92DE4300364262 /* DocumentGridView.swift */; };
		FF398D992D92F72B00364262 /* CSVTableView.swift in Sources */ = {isa = PBXBuildFile; fileRef = FF398D982D92F72B00364262 /* CSVTableView.swift */; };
		FF398D9B2D95C05700364262 /* ScannerViewModel.swift in Sources */ = {isa = PBXBuildFile; fileRef = FF398D9A2D95C05700364262 /* ScannerViewModel.swift */; };
		FF398D9D2D95C51400364262 /* PDFKitView.swift in Sources */ = {isa = PBXBuildFile; fileRef = FF398D9C2D95C51400364262 /* PDFKitView.swift */; };
		FF398D9F2D95C5BA00364262 /* CSVTableViewModel.swift in Sources */ = {isa = PBXBuildFile; fileRef = FF398D9E2D95C5BA00364262 /* CSVTableViewModel.swift */; };
		FF398DA12D95C72900364262 /* FolderDetailViewModel.swift in Sources */ = {isa = PBXBuildFile; fileRef = FF398DA02D95C72900364262 /* FolderDetailViewModel.swift */; };
		FF398DA32D95C77F00364262 /* FolderListViewModel.swift in Sources */ = {isa = PBXBuildFile; fileRef = FF398DA22D95C77F00364262 /* FolderListViewModel.swift */; };
		FF398DA52D95C7F100364262 /* DocumentDetailViewModel.swift in Sources */ = {isa = PBXBuildFile; fileRef = FF398DA42D95C7F100364262 /* DocumentDetailViewModel.swift */; };
		FF398DA72D96BEC700364262 /* ChatMessage.swift in Sources */ = {isa = PBXBuildFile; fileRef = FF398DA62D96BEC700364262 /* ChatMessage.swift */; };
		FF398DA92D96BEE100364262 /* ChatbotViewModel.swift in Sources */ = {isa = PBXBuildFile; fileRef = FF398DA82D96BEE100364262 /* ChatbotViewModel.swift */; };
		FF398DAB2D96BF0E00364262 /* ChatbotService.swift in Sources */ = {isa = PBXBuildFile; fileRef = FF398DAA2D96BF0E00364262 /* ChatbotService.swift */; };
		FF398DAD2D96C17900364262 /* .gitignore in Resources */ = {isa = PBXBuildFile; fileRef = FF398DAC2D96C17500364262 /* .gitignore */; };
/* End PBXBuildFile section */

/* Begin PBXContainerItemProxy section */
		FF398CD12D887B6A00364262 /* PBXContainerItemProxy */ = {
			isa = PBXContainerItemProxy;
			containerPortal = FF398CB82D887B6900364262 /* Project object */;
			proxyType = 1;
			remoteGlobalIDString = FF398CBF2D887B6900364262;
			remoteInfo = scAIper;
		};
		FF398CDB2D887B6A00364262 /* PBXContainerItemProxy */ = {
			isa = PBXContainerItemProxy;
			containerPortal = FF398CB82D887B6900364262 /* Project object */;
			proxyType = 1;
			remoteGlobalIDString = FF398CBF2D887B6900364262;
			remoteInfo = scAIper;
		};
/* End PBXContainerItemProxy section */

/* Begin PBXFileReference section */
		FF398CC02D887B6900364262 /* scAIper.app */ = {isa = PBXFileReference; explicitFileType = wrapper.application; includeInIndex = 0; name = scAIper.app; path = "/Users/MeinNotebook/scAIper/build/Debug-iphoneos/scAIper.app"; sourceTree = "<absolute>"; };
		FF398CD02D887B6A00364262 /* scAIperTests.xctest */ = {isa = PBXFileReference; explicitFileType = wrapper.cfbundle; includeInIndex = 0; name = scAIperTests.xctest; path = "/Users/MeinNotebook/scAIper/build/Debug-iphoneos/scAIper.app/PlugIns/scAIperTests.xctest"; sourceTree = "<absolute>"; };
		FF398CDA2D887B6A00364262 /* scAIperUITests.xctest */ = {isa = PBXFileReference; explicitFileType = wrapper.cfbundle; includeInIndex = 0; name = scAIperUITests.xctest; path = "/Users/MeinNotebook/scAIper/build/Debug-iphoneos/scAIperUITests-Runner.app/PlugIns/scAIperUITests.xctest"; sourceTree = "<absolute>"; };
		FF398D392D89BE8000364262 /* Preview Assets.xcassets */ = {isa = PBXFileReference; lastKnownFileType = folder.assetcatalog; path = "Preview Assets.xcassets"; sourceTree = "<group>"; };
		FF398D3B2D89BE8000364262 /* Assets.xcassets */ = {isa = PBXFileReference; lastKnownFileType = folder.assetcatalog; path = Assets.xcassets; sourceTree = "<group>"; };
		FF398D3D2D89BE8000364262 /* ChatbotView.swift */ = {isa = PBXFileReference; lastKnownFileType = sourcecode.swift; path = ChatbotView.swift; sourceTree = "<group>"; };
		FF398D3F2D89BE8000364262 /* DocumentDetailView.swift */ = {isa = PBXFileReference; lastKnownFileType = sourcecode.swift; path = DocumentDetailView.swift; sourceTree = "<group>"; };
		FF398D402D89BE8000364262 /* FolderListView.swift */ = {isa = PBXFileReference; lastKnownFileType = sourcecode.swift; path = FolderListView.swift; sourceTree = "<group>"; };
		FF398D412D89BE8000364262 /* ExpenseOverviewView.swift */ = {isa = PBXFileReference; lastKnownFileType = sourcecode.swift; path = ExpenseOverviewView.swift; sourceTree = "<group>"; };
		FF398D422D89BE8000364262 /* FolderDetailView.swift */ = {isa = PBXFileReference; lastKnownFileType = sourcecode.swift; path = FolderDetailView.swift; sourceTree = "<group>"; };
		FF398D432D89BE8000364262 /* Info.plist */ = {isa = PBXFileReference; lastKnownFileType = text.plist.xml; path = Info.plist; sourceTree = "<group>"; };
		FF398D442D89BE8000364262 /* MainView.swift */ = {isa = PBXFileReference; lastKnownFileType = sourcecode.swift; path = MainView.swift; sourceTree = "<group>"; };
		FF398D462D89BE8000364262 /* OCRTextView.swift */ = {isa = PBXFileReference; lastKnownFileType = sourcecode.swift; path = OCRTextView.swift; sourceTree = "<group>"; };
		FF398D472D89BE8000364262 /* scAIperApp.swift */ = {isa = PBXFileReference; lastKnownFileType = sourcecode.swift; path = scAIperApp.swift; sourceTree = "<group>"; };
		FF398D482D89BE8000364262 /* ScannerView.swift */ = {isa = PBXFileReference; lastKnownFileType = sourcecode.swift; path = ScannerView.swift; sourceTree = "<group>"; };
		FF398D492D89BE8000364262 /* SplashScreenView.swift */ = {isa = PBXFileReference; lastKnownFileType = sourcecode.swift; path = SplashScreenView.swift; sourceTree = "<group>"; };
		FF398D6E2D8C11D200364262 /* OcrViewModel.swift */ = {isa = PBXFileReference; lastKnownFileType = sourcecode.swift; path = OcrViewModel.swift; sourceTree = "<group>"; };
		FF398D722D8C154300364262 /* OCRManager.swift */ = {isa = PBXFileReference; lastKnownFileType = sourcecode.swift; path = OCRManager.swift; sourceTree = "<group>"; };
		FF398D762D8C17AF00364262 /* FullScreenImageView.swift */ = {isa = PBXFileReference; lastKnownFileType = sourcecode.swift; path = FullScreenImageView.swift; sourceTree = "<group>"; };
		FF398D792D8C1C0400364262 /* TextClustering.swift */ = {isa = PBXFileReference; lastKnownFileType = sourcecode.swift; path = TextClustering.swift; sourceTree = "<group>"; };
		FF398D7B2D8C70F600364262 /* SaveDocumentView.swift */ = {isa = PBXFileReference; lastKnownFileType = sourcecode.swift; path = SaveDocumentView.swift; sourceTree = "<group>"; };
		FF398D7E2D8D443800364262 /* DocumentSaver.swift */ = {isa = PBXFileReference; lastKnownFileType = sourcecode.swift; path = DocumentSaver.swift; sourceTree = "<group>"; };
		FF398D862D917C7600364262 /* DocumentScannerView.swift */ = {isa = PBXFileReference; lastKnownFileType = sourcecode.swift; path = DocumentScannerView.swift; sourceTree = "<group>"; };
		FF398D962D92DE4300364262 /* DocumentGridView.swift */ = {isa = PBXFileReference; lastKnownFileType = sourcecode.swift; path = DocumentGridView.swift; sourceTree = "<group>"; };
		FF398D982D92F72B00364262 /* CSVTableView.swift */ = {isa = PBXFileReference; lastKnownFileType = sourcecode.swift; path = CSVTableView.swift; sourceTree = "<group>"; };
		FF398D9A2D95C05700364262 /* ScannerViewModel.swift */ = {isa = PBXFileReference; lastKnownFileType = sourcecode.swift; path = ScannerViewModel.swift; sourceTree = "<group>"; };
		FF398D9C2D95C51400364262 /* PDFKitView.swift */ = {isa = PBXFileReference; lastKnownFileType = sourcecode.swift; path = PDFKitView.swift; sourceTree = "<group>"; };
		FF398D9E2D95C5BA00364262 /* CSVTableViewModel.swift */ = {isa = PBXFileReference; lastKnownFileType = sourcecode.swift; path = CSVTableViewModel.swift; sourceTree = "<group>"; };
		FF398DA02D95C72900364262 /* FolderDetailViewModel.swift */ = {isa = PBXFileReference; lastKnownFileType = sourcecode.swift; path = FolderDetailViewModel.swift; sourceTree = "<group>"; };
		FF398DA22D95C77F00364262 /* FolderListViewModel.swift */ = {isa = PBXFileReference; lastKnownFileType = sourcecode.swift; path = FolderListViewModel.swift; sourceTree = "<group>"; };
		FF398DA42D95C7F100364262 /* DocumentDetailViewModel.swift */ = {isa = PBXFileReference; lastKnownFileType = sourcecode.swift; path = DocumentDetailViewModel.swift; sourceTree = "<group>"; };
		FF398DA62D96BEC700364262 /* ChatMessage.swift */ = {isa = PBXFileReference; lastKnownFileType = sourcecode.swift; path = ChatMessage.swift; sourceTree = "<group>"; };
		FF398DA82D96BEE100364262 /* ChatbotViewModel.swift */ = {isa = PBXFileReference; lastKnownFileType = sourcecode.swift; path = ChatbotViewModel.swift; sourceTree = "<group>"; };
		FF398DAA2D96BF0E00364262 /* ChatbotService.swift */ = {isa = PBXFileReference; lastKnownFileType = sourcecode.swift; path = ChatbotService.swift; sourceTree = "<group>"; };
		FF398DAC2D96C17500364262 /* .gitignore */ = {isa = PBXFileReference; lastKnownFileType = text; path = .gitignore; sourceTree = "<group>"; };
/* End PBXFileReference section */

/* Begin PBXFileSystemSynchronizedRootGroup section */
		FF398CD32D887B6A00364262 /* scAIperTests */ = {
			isa = PBXFileSystemSynchronizedRootGroup;
			path = scAIperTests;
			sourceTree = "<group>";
		};
		FF398CDD2D887B6A00364262 /* scAIperUITests */ = {
			isa = PBXFileSystemSynchronizedRootGroup;
			path = scAIperUITests;
			sourceTree = "<group>";
		};
/* End PBXFileSystemSynchronizedRootGroup section */

/* Begin PBXFrameworksBuildPhase section */
		FF398CBD2D887B6900364262 /* Frameworks */ = {
			isa = PBXFrameworksBuildPhase;
			buildActionMask = 2147483647;
			files = (
			);
			runOnlyForDeploymentPostprocessing = 0;
		};
		FF398CCD2D887B6A00364262 /* Frameworks */ = {
			isa = PBXFrameworksBuildPhase;
			buildActionMask = 2147483647;
			files = (
			);
			runOnlyForDeploymentPostprocessing = 0;
		};
		FF398CD72D887B6A00364262 /* Frameworks */ = {
			isa = PBXFrameworksBuildPhase;
			buildActionMask = 2147483647;
			files = (
			);
			runOnlyForDeploymentPostprocessing = 0;
		};
/* End PBXFrameworksBuildPhase section */

/* Begin PBXGroup section */
		FF398CB72D887B6900364262 = {
			isa = PBXGroup;
			children = (
				FF398D4A2D89BE8000364262 /* scAIper */,
				FF398CD32D887B6A00364262 /* scAIperTests */,
				FF398CDD2D887B6A00364262 /* scAIperUITests */,
				FF398DAC2D96C17500364262 /* .gitignore */,
			);
			sourceTree = "<group>";
		};
		FF398D3A2D89BE8000364262 /* Preview Content */ = {
			isa = PBXGroup;
			children = (
				FF398D392D89BE8000364262 /* Preview Assets.xcassets */,
			);
			path = "Preview Content";
			sourceTree = "<group>";
		};
		FF398D4A2D89BE8000364262 /* scAIper */ = {
			isa = PBXGroup;
			children = (
				FF398D7D2D8D443100364262 /* Models */,
				FF398D692D8C116800364262 /* Services */,
				FF398D662D8C110500364262 /* ViewModels */,
				FF398D5B2D89C05100364262 /* Views */,
				FF398D3A2D89BE8000364262 /* Preview Content */,
				FF398D3B2D89BE8000364262 /* Assets.xcassets */,
				FF398D432D89BE8000364262 /* Info.plist */,
				FF398D472D89BE8000364262 /* scAIperApp.swift */,
			);
			path = scAIper;
			sourceTree = "<group>";
		};
		FF398D5B2D89C05100364262 /* Views */ = {
			isa = PBXGroup;
			children = (
				FF398D5F2D89C1D500364262 /* Document */,
				FF398D5E2D89C1C700364262 /* Chatbot */,
				FF398D5D2D89C19D00364262 /* Scan */,
				FF398D412D89BE8000364262 /* ExpenseOverviewView.swift */,
				FF398D442D89BE8000364262 /* MainView.swift */,
				FF398D492D89BE8000364262 /* SplashScreenView.swift */,
			);
			path = Views;
			sourceTree = "<group>";
		};
		FF398D5D2D89C19D00364262 /* Scan */ = {
			isa = PBXGroup;
			children = (
				FF398D7B2D8C70F600364262 /* SaveDocumentView.swift */,
				FF398D762D8C17AF00364262 /* FullScreenImageView.swift */,
				FF398D9C2D95C51400364262 /* PDFKitView.swift */,
				FF398D482D89BE8000364262 /* ScannerView.swift */,
				FF398D982D92F72B00364262 /* CSVTableView.swift */,
				FF398D962D92DE4300364262 /* DocumentGridView.swift */,
				FF398D862D917C7600364262 /* DocumentScannerView.swift */,
				FF398D462D89BE8000364262 /* OCRTextView.swift */,
			);
			path = Scan;
			sourceTree = "<group>";
		};
		FF398D5E2D89C1C700364262 /* Chatbot */ = {
			isa = PBXGroup;
			children = (
				FF398D3D2D89BE8000364262 /* ChatbotView.swift */,
			);
			path = Chatbot;
			sourceTree = "<group>";
		};
		FF398D5F2D89C1D500364262 /* Document */ = {
			isa = PBXGroup;
			children = (
				FF398D3F2D89BE8000364262 /* DocumentDetailView.swift */,
				FF398D402D89BE8000364262 /* FolderListView.swift */,
				FF398D422D89BE8000364262 /* FolderDetailView.swift */,
			);
			path = Document;
			sourceTree = "<group>";
		};
		FF398D662D8C110500364262 /* ViewModels */ = {
			isa = PBXGroup;
			children = (
				FF398DA82D96BEE100364262 /* ChatbotViewModel.swift */,
				FF398DA42D95C7F100364262 /* DocumentDetailViewModel.swift */,
				FF398DA22D95C77F00364262 /* FolderListViewModel.swift */,
				FF398DA02D95C72900364262 /* FolderDetailViewModel.swift */,
				FF398D9E2D95C5BA00364262 /* CSVTableViewModel.swift */,
				FF398D9A2D95C05700364262 /* ScannerViewModel.swift */,
				FF398D6E2D8C11D200364262 /* OcrViewModel.swift */,
			);
			path = ViewModels;
			sourceTree = "<group>";
		};
		FF398D692D8C116800364262 /* Services */ = {
			isa = PBXGroup;
			children = (
				FF398DAA2D96BF0E00364262 /* ChatbotService.swift */,
				FF398D7E2D8D443800364262 /* DocumentSaver.swift */,
				FF398D792D8C1C0400364262 /* TextClustering.swift */,
				FF398D722D8C154300364262 /* OCRManager.swift */,
			);
			path = Services;
			sourceTree = "<group>";
		};
		FF398D7D2D8D443100364262 /* Models */ = {
			isa = PBXGroup;
			children = (
				FF398DA62D96BEC700364262 /* ChatMessage.swift */,
			);
			path = Models;
			sourceTree = "<group>";
		};
/* End PBXGroup section */

/* Begin PBXNativeTarget section */
		FF398CBF2D887B6900364262 /* scAIper */ = {
			isa = PBXNativeTarget;
			buildConfigurationList = FF398CE42D887B6A00364262 /* Build configuration list for PBXNativeTarget "scAIper" */;
			buildPhases = (
				FF398CBC2D887B6900364262 /* Sources */,
				FF398CBD2D887B6900364262 /* Frameworks */,
				FF398CBE2D887B6900364262 /* Resources */,
			);
			buildRules = (
			);
			dependencies = (
			);
			name = scAIper;
			packageProductDependencies = (
			);
			productName = scAIper;
			productReference = FF398CC02D887B6900364262 /* scAIper.app */;
			productType = "com.apple.product-type.application";
		};
		FF398CCF2D887B6A00364262 /* scAIperTests */ = {
			isa = PBXNativeTarget;
			buildConfigurationList = FF398CE72D887B6A00364262 /* Build configuration list for PBXNativeTarget "scAIperTests" */;
			buildPhases = (
				FF398CCC2D887B6A00364262 /* Sources */,
				FF398CCD2D887B6A00364262 /* Frameworks */,
				FF398CCE2D887B6A00364262 /* Resources */,
			);
			buildRules = (
			);
			dependencies = (
				FF398CD22D887B6A00364262 /* PBXTargetDependency */,
			);
			fileSystemSynchronizedGroups = (
				FF398CD32D887B6A00364262 /* scAIperTests */,
			);
			name = scAIperTests;
			packageProductDependencies = (
			);
			productName = scAIperTests;
			productReference = FF398CD02D887B6A00364262 /* scAIperTests.xctest */;
			productType = "com.apple.product-type.bundle.unit-test";
		};
		FF398CD92D887B6A00364262 /* scAIperUITests */ = {
			isa = PBXNativeTarget;
			buildConfigurationList = FF398CEA2D887B6A00364262 /* Build configuration list for PBXNativeTarget "scAIperUITests" */;
			buildPhases = (
				FF398CD62D887B6A00364262 /* Sources */,
				FF398CD72D887B6A00364262 /* Frameworks */,
				FF398CD82D887B6A00364262 /* Resources */,
			);
			buildRules = (
			);
			dependencies = (
				FF398CDC2D887B6A00364262 /* PBXTargetDependency */,
			);
			fileSystemSynchronizedGroups = (
				FF398CDD2D887B6A00364262 /* scAIperUITests */,
			);
			name = scAIperUITests;
			packageProductDependencies = (
			);
			productName = scAIperUITests;
			productReference = FF398CDA2D887B6A00364262 /* scAIperUITests.xctest */;
			productType = "com.apple.product-type.bundle.ui-testing";
		};
/* End PBXNativeTarget section */

/* Begin PBXProject section */
		FF398CB82D887B6900364262 /* Project object */ = {
			isa = PBXProject;
			attributes = {
				BuildIndependentTargetsInParallel = 1;
				LastSwiftUpdateCheck = 1620;
				LastUpgradeCheck = 1620;
				TargetAttributes = {
					FF398CBF2D887B6900364262 = {
						CreatedOnToolsVersion = 16.2;
					};
					FF398CCF2D887B6A00364262 = {
						CreatedOnToolsVersion = 16.2;
						TestTargetID = FF398CBF2D887B6900364262;
					};
					FF398CD92D887B6A00364262 = {
						CreatedOnToolsVersion = 16.2;
						TestTargetID = FF398CBF2D887B6900364262;
					};
				};
			};
			buildConfigurationList = FF398CBB2D887B6900364262 /* Build configuration list for PBXProject "scAIper" */;
			developmentRegion = en;
			hasScannedForEncodings = 0;
			knownRegions = (
				en,
				Base,
			);
			mainGroup = FF398CB72D887B6900364262;
			minimizedProjectReferenceProxies = 1;
			preferredProjectObjectVersion = 77;
			productRefGroup = FF398CB72D887B6900364262;
			projectDirPath = "";
			projectRoot = "";
			targets = (
				FF398CBF2D887B6900364262 /* scAIper */,
				FF398CCF2D887B6A00364262 /* scAIperTests */,
				FF398CD92D887B6A00364262 /* scAIperUITests */,
			);
		};
/* End PBXProject section */

/* Begin PBXResourcesBuildPhase section */
		FF398CBE2D887B6900364262 /* Resources */ = {
			isa = PBXResourcesBuildPhase;
			buildActionMask = 2147483647;
			files = (
				FF398D582D89BE8000364262 /* Preview Assets.xcassets in Resources */,
				FF398D5A2D89BE8000364262 /* Assets.xcassets in Resources */,
			);
			runOnlyForDeploymentPostprocessing = 0;
		};
		FF398CCE2D887B6A00364262 /* Resources */ = {
			isa = PBXResourcesBuildPhase;
			buildActionMask = 2147483647;
			files = (
				FF398DAD2D96C17900364262 /* .gitignore in Resources */,
			);
			runOnlyForDeploymentPostprocessing = 0;
		};
		FF398CD82D887B6A00364262 /* Resources */ = {
			isa = PBXResourcesBuildPhase;
			buildActionMask = 2147483647;
			files = (
			);
			runOnlyForDeploymentPostprocessing = 0;
		};
/* End PBXResourcesBuildPhase section */

/* Begin PBXSourcesBuildPhase section */
		FF398CBC2D887B6900364262 /* Sources */ = {
			isa = PBXSourcesBuildPhase;
			buildActionMask = 2147483647;
			files = (
				FF398D4B2D89BE8000364262 /* DocumentDetailView.swift in Sources */,
				FF398DA12D95C72900364262 /* FolderDetailViewModel.swift in Sources */,
				FF398D4D2D89BE8000364262 /* ScannerView.swift in Sources */,
				FF398D972D92DE4300364262 /* DocumentGridView.swift in Sources */,
				FF398D872D917C7600364262 /* DocumentScannerView.swift in Sources */,
				FF398D4E2D89BE8000364262 /* MainView.swift in Sources */,
				FF398D4F2D89BE8000364262 /* FolderListView.swift in Sources */,
				FF398D7F2D8D443800364262 /* DocumentSaver.swift in Sources */,
				FF398D6F2D8C11D200364262 /* OcrViewModel.swift in Sources */,
				FF398DAB2D96BF0E00364262 /* ChatbotService.swift in Sources */,
				FF398D512D89BE8000364262 /* ExpenseOverviewView.swift in Sources */,
				FF398D772D8C17AF00364262 /* FullScreenImageView.swift in Sources */,
				FF398D522D89BE8000364262 /* OCRTextView.swift in Sources */,
				FF398DA52D95C7F100364262 /* DocumentDetailViewModel.swift in Sources */,
				FF398D532D89BE8000364262 /* scAIperApp.swift in Sources */,
				FF398D9D2D95C51400364262 /* PDFKitView.swift in Sources */,
				FF398DA72D96BEC700364262 /* ChatMessage.swift in Sources */,
				FF398D7C2D8C70F600364262 /* SaveDocumentView.swift in Sources */,
				FF398D992D92F72B00364262 /* CSVTableView.swift in Sources */,
				FF398DA32D95C77F00364262 /* FolderListViewModel.swift in Sources */,
				FF398D7A2D8C1C0400364262 /* TextClustering.swift in Sources */,
				FF398D9B2D95C05700364262 /* ScannerViewModel.swift in Sources */,
				FF398D542D89BE8000364262 /* FolderDetailView.swift in Sources */,
				FF398D552D89BE8000364262 /* ChatbotView.swift in Sources */,
				FF398DA92D96BEE100364262 /* ChatbotViewModel.swift in Sources */,
				FF398D732D8C154300364262 /* OCRManager.swift in Sources */,
				FF398D9F2D95C5BA00364262 /* CSVTableViewModel.swift in Sources */,
				FF398D572D89BE8000364262 /* SplashScreenView.swift in Sources */,
			);
			runOnlyForDeploymentPostprocessing = 0;
		};
		FF398CCC2D887B6A00364262 /* Sources */ = {
			isa = PBXSourcesBuildPhase;
			buildActionMask = 2147483647;
			files = (
			);
			runOnlyForDeploymentPostprocessing = 0;
		};
		FF398CD62D887B6A00364262 /* Sources */ = {
			isa = PBXSourcesBuildPhase;
			buildActionMask = 2147483647;
			files = (
			);
			runOnlyForDeploymentPostprocessing = 0;
		};
/* End PBXSourcesBuildPhase section */

/* Begin PBXTargetDependency section */
		FF398CD22D887B6A00364262 /* PBXTargetDependency */ = {
			isa = PBXTargetDependency;
			target = FF398CBF2D887B6900364262 /* scAIper */;
			targetProxy = FF398CD12D887B6A00364262 /* PBXContainerItemProxy */;
		};
		FF398CDC2D887B6A00364262 /* PBXTargetDependency */ = {
			isa = PBXTargetDependency;
			target = FF398CBF2D887B6900364262 /* scAIper */;
			targetProxy = FF398CDB2D887B6A00364262 /* PBXContainerItemProxy */;
		};
/* End PBXTargetDependency section */

/* Begin XCBuildConfiguration section */
		FF398CE22D887B6A00364262 /* Debug */ = {
			isa = XCBuildConfiguration;
			buildSettings = {
				ALWAYS_SEARCH_USER_PATHS = NO;
				ASSETCATALOG_COMPILER_GENERATE_SWIFT_ASSET_SYMBOL_EXTENSIONS = YES;
				CLANG_ANALYZER_NONNULL = YES;
				CLANG_ANALYZER_NUMBER_OBJECT_CONVERSION = YES_AGGRESSIVE;
				CLANG_CXX_LANGUAGE_STANDARD = "gnu++20";
				CLANG_ENABLE_MODULES = YES;
				CLANG_ENABLE_OBJC_ARC = YES;
				CLANG_ENABLE_OBJC_WEAK = YES;
				CLANG_WARN_BLOCK_CAPTURE_AUTORELEASING = YES;
				CLANG_WARN_BOOL_CONVERSION = YES;
				CLANG_WARN_COMMA = YES;
				CLANG_WARN_CONSTANT_CONVERSION = YES;
				CLANG_WARN_DEPRECATED_OBJC_IMPLEMENTATIONS = YES;
				CLANG_WARN_DIRECT_OBJC_ISA_USAGE = YES_ERROR;
				CLANG_WARN_DOCUMENTATION_COMMENTS = YES;
				CLANG_WARN_EMPTY_BODY = YES;
				CLANG_WARN_ENUM_CONVERSION = YES;
				CLANG_WARN_INFINITE_RECURSION = YES;
				CLANG_WARN_INT_CONVERSION = YES;
				CLANG_WARN_NON_LITERAL_NULL_CONVERSION = YES;
				CLANG_WARN_OBJC_IMPLICIT_RETAIN_SELF = YES;
				CLANG_WARN_OBJC_LITERAL_CONVERSION = YES;
				CLANG_WARN_OBJC_ROOT_CLASS = YES_ERROR;
				CLANG_WARN_QUOTED_INCLUDE_IN_FRAMEWORK_HEADER = YES;
				CLANG_WARN_RANGE_LOOP_ANALYSIS = YES;
				CLANG_WARN_STRICT_PROTOTYPES = YES;
				CLANG_WARN_SUSPICIOUS_MOVE = YES;
				CLANG_WARN_UNGUARDED_AVAILABILITY = YES_AGGRESSIVE;
				CLANG_WARN_UNREACHABLE_CODE = YES;
				CLANG_WARN__DUPLICATE_METHOD_MATCH = YES;
				COPY_PHASE_STRIP = NO;
				DEBUG_INFORMATION_FORMAT = dwarf;
				ENABLE_STRICT_OBJC_MSGSEND = YES;
				ENABLE_TESTABILITY = YES;
				ENABLE_USER_SCRIPT_SANDBOXING = YES;
				GCC_C_LANGUAGE_STANDARD = gnu17;
				GCC_DYNAMIC_NO_PIC = NO;
				GCC_NO_COMMON_BLOCKS = YES;
				GCC_OPTIMIZATION_LEVEL = 0;
				GCC_PREPROCESSOR_DEFINITIONS = (
					"DEBUG=1",
					"$(inherited)",
				);
				GCC_WARN_64_TO_32_BIT_CONVERSION = YES;
				GCC_WARN_ABOUT_RETURN_TYPE = YES_ERROR;
				GCC_WARN_UNDECLARED_SELECTOR = YES;
				GCC_WARN_UNINITIALIZED_AUTOS = YES_AGGRESSIVE;
				GCC_WARN_UNUSED_FUNCTION = YES;
				GCC_WARN_UNUSED_VARIABLE = YES;
				IPHONEOS_DEPLOYMENT_TARGET = 18.2;
				LOCALIZATION_PREFERS_STRING_CATALOGS = YES;
				MTL_ENABLE_DEBUG_INFO = INCLUDE_SOURCE;
				MTL_FAST_MATH = YES;
				ONLY_ACTIVE_ARCH = YES;
				SDKROOT = iphoneos;
				SWIFT_ACTIVE_COMPILATION_CONDITIONS = "DEBUG $(inherited)";
				SWIFT_OPTIMIZATION_LEVEL = "-Onone";
			};
			name = Debug;
		};
		FF398CE32D887B6A00364262 /* Release */ = {
			isa = XCBuildConfiguration;
			buildSettings = {
				ALWAYS_SEARCH_USER_PATHS = NO;
				ASSETCATALOG_COMPILER_GENERATE_SWIFT_ASSET_SYMBOL_EXTENSIONS = YES;
				CLANG_ANALYZER_NONNULL = YES;
				CLANG_ANALYZER_NUMBER_OBJECT_CONVERSION = YES_AGGRESSIVE;
				CLANG_CXX_LANGUAGE_STANDARD = "gnu++20";
				CLANG_ENABLE_MODULES = YES;
				CLANG_ENABLE_OBJC_ARC = YES;
				CLANG_ENABLE_OBJC_WEAK = YES;
				CLANG_WARN_BLOCK_CAPTURE_AUTORELEASING = YES;
				CLANG_WARN_BOOL_CONVERSION = YES;
				CLANG_WARN_COMMA = YES;
				CLANG_WARN_CONSTANT_CONVERSION = YES;
				CLANG_WARN_DEPRECATED_OBJC_IMPLEMENTATIONS = YES;
				CLANG_WARN_DIRECT_OBJC_ISA_USAGE = YES_ERROR;
				CLANG_WARN_DOCUMENTATION_COMMENTS = YES;
				CLANG_WARN_EMPTY_BODY = YES;
				CLANG_WARN_ENUM_CONVERSION = YES;
				CLANG_WARN_INFINITE_RECURSION = YES;
				CLANG_WARN_INT_CONVERSION = YES;
				CLANG_WARN_NON_LITERAL_NULL_CONVERSION = YES;
				CLANG_WARN_OBJC_IMPLICIT_RETAIN_SELF = YES;
				CLANG_WARN_OBJC_LITERAL_CONVERSION = YES;
				CLANG_WARN_OBJC_ROOT_CLASS = YES_ERROR;
				CLANG_WARN_QUOTED_INCLUDE_IN_FRAMEWORK_HEADER = YES;
				CLANG_WARN_RANGE_LOOP_ANALYSIS = YES;
				CLANG_WARN_STRICT_PROTOTYPES = YES;
				CLANG_WARN_SUSPICIOUS_MOVE = YES;
				CLANG_WARN_UNGUARDED_AVAILABILITY = YES_AGGRESSIVE;
				CLANG_WARN_UNREACHABLE_CODE = YES;
				CLANG_WARN__DUPLICATE_METHOD_MATCH = YES;
				COPY_PHASE_STRIP = NO;
				DEBUG_INFORMATION_FORMAT = "dwarf-with-dsym";
				ENABLE_NS_ASSERTIONS = NO;
				ENABLE_STRICT_OBJC_MSGSEND = YES;
				ENABLE_USER_SCRIPT_SANDBOXING = YES;
				GCC_C_LANGUAGE_STANDARD = gnu17;
				GCC_NO_COMMON_BLOCKS = YES;
				GCC_WARN_64_TO_32_BIT_CONVERSION = YES;
				GCC_WARN_ABOUT_RETURN_TYPE = YES_ERROR;
				GCC_WARN_UNDECLARED_SELECTOR = YES;
				GCC_WARN_UNINITIALIZED_AUTOS = YES_AGGRESSIVE;
				GCC_WARN_UNUSED_FUNCTION = YES;
				GCC_WARN_UNUSED_VARIABLE = YES;
				IPHONEOS_DEPLOYMENT_TARGET = 18.2;
				LOCALIZATION_PREFERS_STRING_CATALOGS = YES;
				MTL_ENABLE_DEBUG_INFO = NO;
				MTL_FAST_MATH = YES;
				SDKROOT = iphoneos;
				SWIFT_COMPILATION_MODE = wholemodule;
				VALIDATE_PRODUCT = YES;
			};
			name = Release;
		};
		FF398CE52D887B6A00364262 /* Debug */ = {
			isa = XCBuildConfiguration;
			buildSettings = {
				ASSETCATALOG_COMPILER_APPICON_NAME = AppIcon;
				ASSETCATALOG_COMPILER_GLOBAL_ACCENT_COLOR_NAME = AccentColor;
				CODE_SIGN_STYLE = Automatic;
				CURRENT_PROJECT_VERSION = 1;
				DEVELOPMENT_ASSET_PATHS = "\"scAIper/Preview Content\"";
				DEVELOPMENT_TEAM = L9DRFP2M8Z;
				ENABLE_PREVIEWS = YES;
				GENERATE_INFOPLIST_FILE = YES;
				INFOPLIST_FILE = /Users/MeinNotebook/scAIper/scAIper/Info.plist;
				INFOPLIST_KEY_UIApplicationSceneManifest_Generation = YES;
				INFOPLIST_KEY_UIApplicationSupportsIndirectInputEvents = YES;
				INFOPLIST_KEY_UILaunchScreen_Generation = YES;
				INFOPLIST_KEY_UISupportedInterfaceOrientations_iPad = "UIInterfaceOrientationPortrait UIInterfaceOrientationPortraitUpsideDown UIInterfaceOrientationLandscapeLeft UIInterfaceOrientationLandscapeRight";
				INFOPLIST_KEY_UISupportedInterfaceOrientations_iPhone = "UIInterfaceOrientationPortrait UIInterfaceOrientationLandscapeLeft UIInterfaceOrientationLandscapeRight";
				LD_RUNPATH_SEARCH_PATHS = (
					"$(inherited)",
					"@executable_path/Frameworks",
				);
				MARKETING_VERSION = 1.0;
				PRODUCT_BUNDLE_IDENTIFIER = com.dominikhommer.scAIper;
				PRODUCT_NAME = "$(TARGET_NAME)";
				SWIFT_EMIT_LOC_STRINGS = YES;
				SWIFT_VERSION = 5.0;
				TARGETED_DEVICE_FAMILY = "1,2";
			};
			name = Debug;
		};
		FF398CE62D887B6A00364262 /* Release */ = {
			isa = XCBuildConfiguration;
			buildSettings = {
				ASSETCATALOG_COMPILER_APPICON_NAME = AppIcon;
				ASSETCATALOG_COMPILER_GLOBAL_ACCENT_COLOR_NAME = AccentColor;
				CODE_SIGN_STYLE = Automatic;
				CURRENT_PROJECT_VERSION = 1;
				DEVELOPMENT_ASSET_PATHS = "\"scAIper/Preview Content\"";
				DEVELOPMENT_TEAM = L9DRFP2M8Z;
				ENABLE_PREVIEWS = YES;
				GENERATE_INFOPLIST_FILE = YES;
				INFOPLIST_FILE = /Users/MeinNotebook/scAIper/scAIper/Info.plist;
				INFOPLIST_KEY_UIApplicationSceneManifest_Generation = YES;
				INFOPLIST_KEY_UIApplicationSupportsIndirectInputEvents = YES;
				INFOPLIST_KEY_UILaunchScreen_Generation = YES;
				INFOPLIST_KEY_UISupportedInterfaceOrientations_iPad = "UIInterfaceOrientationPortrait UIInterfaceOrientationPortraitUpsideDown UIInterfaceOrientationLandscapeLeft UIInterfaceOrientationLandscapeRight";
				INFOPLIST_KEY_UISupportedInterfaceOrientations_iPhone = "UIInterfaceOrientationPortrait UIInterfaceOrientationLandscapeLeft UIInterfaceOrientationLandscapeRight";
				LD_RUNPATH_SEARCH_PATHS = (
					"$(inherited)",
					"@executable_path/Frameworks",
				);
				MARKETING_VERSION = 1.0;
				PRODUCT_BUNDLE_IDENTIFIER = com.dominikhommer.scAIper;
				PRODUCT_NAME = "$(TARGET_NAME)";
				SWIFT_EMIT_LOC_STRINGS = YES;
				SWIFT_VERSION = 5.0;
				TARGETED_DEVICE_FAMILY = "1,2";
			};
			name = Release;
		};
		FF398CE82D887B6A00364262 /* Debug */ = {
			isa = XCBuildConfiguration;
			buildSettings = {
				BUNDLE_LOADER = "$(TEST_HOST)";
				CODE_SIGN_STYLE = Automatic;
				CURRENT_PROJECT_VERSION = 1;
				DEVELOPMENT_TEAM = L9DRFP2M8Z;
				GENERATE_INFOPLIST_FILE = YES;
				IPHONEOS_DEPLOYMENT_TARGET = 18.2;
				MARKETING_VERSION = 1.0;
				PRODUCT_BUNDLE_IDENTIFIER = com.dominikhommer.scAIperTests;
				PRODUCT_NAME = "$(TARGET_NAME)";
				SWIFT_EMIT_LOC_STRINGS = NO;
				SWIFT_VERSION = 5.0;
				TARGETED_DEVICE_FAMILY = "1,2";
				TEST_HOST = "$(BUILT_PRODUCTS_DIR)/scAIper.app/$(BUNDLE_EXECUTABLE_FOLDER_PATH)/scAIper";
			};
			name = Debug;
		};
		FF398CE92D887B6A00364262 /* Release */ = {
			isa = XCBuildConfiguration;
			buildSettings = {
				BUNDLE_LOADER = "$(TEST_HOST)";
				CODE_SIGN_STYLE = Automatic;
				CURRENT_PROJECT_VERSION = 1;
				DEVELOPMENT_TEAM = L9DRFP2M8Z;
				GENERATE_INFOPLIST_FILE = YES;
				IPHONEOS_DEPLOYMENT_TARGET = 18.2;
				MARKETING_VERSION = 1.0;
				PRODUCT_BUNDLE_IDENTIFIER = com.dominikhommer.scAIperTests;
				PRODUCT_NAME = "$(TARGET_NAME)";
				SWIFT_EMIT_LOC_STRINGS = NO;
				SWIFT_VERSION = 5.0;
				TARGETED_DEVICE_FAMILY = "1,2";
				TEST_HOST = "$(BUILT_PRODUCTS_DIR)/scAIper.app/$(BUNDLE_EXECUTABLE_FOLDER_PATH)/scAIper";
			};
			name = Release;
		};
		FF398CEB2D887B6A00364262 /* Debug */ = {
			isa = XCBuildConfiguration;
			buildSettings = {
				CODE_SIGN_STYLE = Automatic;
				CURRENT_PROJECT_VERSION = 1;
				DEVELOPMENT_TEAM = L9DRFP2M8Z;
				GENERATE_INFOPLIST_FILE = YES;
				MARKETING_VERSION = 1.0;
				PRODUCT_BUNDLE_IDENTIFIER = com.dominikhommer.scAIperUITests;
				PRODUCT_NAME = "$(TARGET_NAME)";
				SWIFT_EMIT_LOC_STRINGS = NO;
				SWIFT_VERSION = 5.0;
				TARGETED_DEVICE_FAMILY = "1,2";
				TEST_TARGET_NAME = scAIper;
			};
			name = Debug;
		};
		FF398CEC2D887B6A00364262 /* Release */ = {
			isa = XCBuildConfiguration;
			buildSettings = {
				CODE_SIGN_STYLE = Automatic;
				CURRENT_PROJECT_VERSION = 1;
				DEVELOPMENT_TEAM = L9DRFP2M8Z;
				GENERATE_INFOPLIST_FILE = YES;
				MARKETING_VERSION = 1.0;
				PRODUCT_BUNDLE_IDENTIFIER = com.dominikhommer.scAIperUITests;
				PRODUCT_NAME = "$(TARGET_NAME)";
				SWIFT_EMIT_LOC_STRINGS = NO;
				SWIFT_VERSION = 5.0;
				TARGETED_DEVICE_FAMILY = "1,2";
				TEST_TARGET_NAME = scAIper;
			};
			name = Release;
		};
/* End XCBuildConfiguration section */

/* Begin XCConfigurationList section */
		FF398CBB2D887B6900364262 /* Build configuration list for PBXProject "scAIper" */ = {
			isa = XCConfigurationList;
			buildConfigurations = (
				FF398CE22D887B6A00364262 /* Debug */,
				FF398CE32D887B6A00364262 /* Release */,
			);
			defaultConfigurationIsVisible = 0;
			defaultConfigurationName = Release;
		};
		FF398CE42D887B6A00364262 /* Build configuration list for PBXNativeTarget "scAIper" */ = {
			isa = XCConfigurationList;
			buildConfigurations = (
				FF398CE52D887B6A00364262 /* Debug */,
				FF398CE62D887B6A00364262 /* Release */,
			);
			defaultConfigurationIsVisible = 0;
			defaultConfigurationName = Release;
		};
		FF398CE72D887B6A00364262 /* Build configuration list for PBXNativeTarget "scAIperTests" */ = {
			isa = XCConfigurationList;
			buildConfigurations = (
				FF398CE82D887B6A00364262 /* Debug */,
				FF398CE92D887B6A00364262 /* Release */,
			);
			defaultConfigurationIsVisible = 0;
			defaultConfigurationName = Release;
		};
		FF398CEA2D887B6A00364262 /* Build configuration list for PBXNativeTarget "scAIperUITests" */ = {
			isa = XCConfigurationList;
			buildConfigurations = (
				FF398CEB2D887B6A00364262 /* Debug */,
				FF398CEC2D887B6A00364262 /* Release */,
			);
			defaultConfigurationIsVisible = 0;
			defaultConfigurationName = Release;
		};
/* End XCConfigurationList section */
	};
	rootObject = FF398CB82D887B6900364262 /* Project object */;
}
